// !$*UTF8*$!
{
	archiveVersion = 1;
	classes = {
	};
	objectVersion = 56;
	objects = {

/* Begin PBXBuildFile section */
		C4538B2D2AB45B9F009E6A86 /* SelectedLocationView.swift in Sources */ = {isa = PBXBuildFile; fileRef = C4538B2C2AB45B9F009E6A86 /* SelectedLocationView.swift */; };
		C4538B2F2AB462B2009E6A86 /* SelectedLocationArrowView.swift in Sources */ = {isa = PBXBuildFile; fileRef = C4538B2E2AB462B2009E6A86 /* SelectedLocationArrowView.swift */; };
		C4538B312AB46EA1009E6A86 /* Router.swift in Sources */ = {isa = PBXBuildFile; fileRef = C4538B302AB46EA1009E6A86 /* Router.swift */; };
		C4538B332AB48279009E6A86 /* WeatherService.swift in Sources */ = {isa = PBXBuildFile; fileRef = C4538B322AB48279009E6A86 /* WeatherService.swift */; };
		C4538B392AB488FC009E6A86 /* WeatherDTO.swift in Sources */ = {isa = PBXBuildFile; fileRef = C4538B382AB488FC009E6A86 /* WeatherDTO.swift */; };
		C47FB1122AB34A1400D426A8 /* AppDelegate.swift in Sources */ = {isa = PBXBuildFile; fileRef = C47FB1112AB34A1400D426A8 /* AppDelegate.swift */; };
		C47FB1162AB34A1400D426A8 /* HomeViewController.swift in Sources */ = {isa = PBXBuildFile; fileRef = C47FB1152AB34A1400D426A8 /* HomeViewController.swift */; };
		C47FB11B2AB34A1500D426A8 /* Assets.xcassets in Resources */ = {isa = PBXBuildFile; fileRef = C47FB11A2AB34A1500D426A8 /* Assets.xcassets */; };
		C47FB11E2AB34A1500D426A8 /* LaunchScreen.storyboard in Resources */ = {isa = PBXBuildFile; fileRef = C47FB11C2AB34A1500D426A8 /* LaunchScreen.storyboard */; };
		C47FB1292AB34A1500D426A8 /* TestWeatherAppTests.swift in Sources */ = {isa = PBXBuildFile; fileRef = C47FB1282AB34A1500D426A8 /* TestWeatherAppTests.swift */; };
		C47FB1332AB34A1500D426A8 /* TestWeatherAppUITests.swift in Sources */ = {isa = PBXBuildFile; fileRef = C47FB1322AB34A1500D426A8 /* TestWeatherAppUITests.swift */; };
		C47FB1352AB34A1500D426A8 /* TestWeatherAppUITestsLaunchTests.swift in Sources */ = {isa = PBXBuildFile; fileRef = C47FB1342AB34A1500D426A8 /* TestWeatherAppUITestsLaunchTests.swift */; };
		C49257F92AB34F5700DFF858 /* LocalStorage.swift in Sources */ = {isa = PBXBuildFile; fileRef = C49257F82AB34F5700DFF858 /* LocalStorage.swift */; };
		C49257FE2AB3545500DFF858 /* AppConfigurator.swift in Sources */ = {isa = PBXBuildFile; fileRef = C49257FD2AB3545500DFF858 /* AppConfigurator.swift */; };
		C49258022AB3555000DFF858 /* RootCoordinator.swift in Sources */ = {isa = PBXBuildFile; fileRef = C49258012AB3555000DFF858 /* RootCoordinator.swift */; };
		C49258062AB3562900DFF858 /* RootRouter.swift in Sources */ = {isa = PBXBuildFile; fileRef = C49258052AB3562900DFF858 /* RootRouter.swift */; };
		C492580A2AB35D1800DFF858 /* Coordinator.swift in Sources */ = {isa = PBXBuildFile; fileRef = C49258092AB35D1800DFF858 /* Coordinator.swift */; };
		C492580D2AB36AD400DFF858 /* EmptyView.swift in Sources */ = {isa = PBXBuildFile; fileRef = C492580C2AB36AD400DFF858 /* EmptyView.swift */; };
		C49258112AB36C0B00DFF858 /* LabelExtensions.swift in Sources */ = {isa = PBXBuildFile; fileRef = C49258102AB36C0B00DFF858 /* LabelExtensions.swift */; };
		C49258152AB3706400DFF858 /* UIViewExtensions.swift in Sources */ = {isa = PBXBuildFile; fileRef = C49258142AB3706400DFF858 /* UIViewExtensions.swift */; };
		C49258182AB371B400DFF858 /* CommonInsets.swift in Sources */ = {isa = PBXBuildFile; fileRef = C49258172AB371B400DFF858 /* CommonInsets.swift */; };
		C492581A2AB3721000DFF858 /* UIApplicationExtensions.swift in Sources */ = {isa = PBXBuildFile; fileRef = C49258192AB3721000DFF858 /* UIApplicationExtensions.swift */; };
		C492581C2AB3727900DFF858 /* CGFloatExtensions.swift in Sources */ = {isa = PBXBuildFile; fileRef = C492581B2AB3727900DFF858 /* CGFloatExtensions.swift */; };
		C492581E2AB37C4200DFF858 /* LocationCell.swift in Sources */ = {isa = PBXBuildFile; fileRef = C492581D2AB37C4200DFF858 /* LocationCell.swift */; };
		C49258212AB37C8300DFF858 /* HomePresenter.swift in Sources */ = {isa = PBXBuildFile; fileRef = C49258202AB37C8300DFF858 /* HomePresenter.swift */; };
		C49258242AB37F5600DFF858 /* LocationModel.swift in Sources */ = {isa = PBXBuildFile; fileRef = C49258232AB37F5600DFF858 /* LocationModel.swift */; };
		C49258262AB3800500DFF858 /* LocalStorageKey.swift in Sources */ = {isa = PBXBuildFile; fileRef = C49258252AB3800500DFF858 /* LocalStorageKey.swift */; };
		C49258282AB3838A00DFF858 /* LocationCellViewModel.swift in Sources */ = {isa = PBXBuildFile; fileRef = C49258272AB3838A00DFF858 /* LocationCellViewModel.swift */; };
		C492582A2AB385EB00DFF858 /* ArrayExtensions.swift in Sources */ = {isa = PBXBuildFile; fileRef = C49258292AB385EB00DFF858 /* ArrayExtensions.swift */; };
		C492582C2AB38BFB00DFF858 /* UIEdgeInsetsExtensions.swift in Sources */ = {isa = PBXBuildFile; fileRef = C492582B2AB38BFB00DFF858 /* UIEdgeInsetsExtensions.swift */; };
		C49258322AB3AD4D00DFF858 /* ForecastPresenter.swift in Sources */ = {isa = PBXBuildFile; fileRef = C49258312AB3AD4D00DFF858 /* ForecastPresenter.swift */; };
		C49258332AB3AD4D00DFF858 /* ForecastViewController.swift in Sources */ = {isa = PBXBuildFile; fileRef = C49258302AB3AD4D00DFF858 /* ForecastViewController.swift */; };
		C49258342AB3AF7900DFF858 /* AddLocationPresenter.swift in Sources */ = {isa = PBXBuildFile; fileRef = C492582E2AB3AC3600DFF858 /* AddLocationPresenter.swift */; };
		C49258352AB3AF7B00DFF858 /* AddLocationViewController.swift in Sources */ = {isa = PBXBuildFile; fileRef = C492582F2AB3AC3600DFF858 /* AddLocationViewController.swift */; };
/* End PBXBuildFile section */

/* Begin PBXContainerItemProxy section */
		C47FB1252AB34A1500D426A8 /* PBXContainerItemProxy */ = {
			isa = PBXContainerItemProxy;
			containerPortal = C47FB1062AB34A1400D426A8 /* Project object */;
			proxyType = 1;
			remoteGlobalIDString = C47FB10D2AB34A1400D426A8;
			remoteInfo = TestWeatherApp;
		};
		C47FB12F2AB34A1500D426A8 /* PBXContainerItemProxy */ = {
			isa = PBXContainerItemProxy;
			containerPortal = C47FB1062AB34A1400D426A8 /* Project object */;
			proxyType = 1;
			remoteGlobalIDString = C47FB10D2AB34A1400D426A8;
			remoteInfo = TestWeatherApp;
		};
/* End PBXContainerItemProxy section */

/* Begin PBXFileReference section */
		C4538B2C2AB45B9F009E6A86 /* SelectedLocationView.swift */ = {isa = PBXFileReference; lastKnownFileType = sourcecode.swift; path = SelectedLocationView.swift; sourceTree = "<group>"; };
		C4538B2E2AB462B2009E6A86 /* SelectedLocationArrowView.swift */ = {isa = PBXFileReference; lastKnownFileType = sourcecode.swift; path = SelectedLocationArrowView.swift; sourceTree = "<group>"; };
		C4538B302AB46EA1009E6A86 /* Router.swift */ = {isa = PBXFileReference; lastKnownFileType = sourcecode.swift; path = Router.swift; sourceTree = "<group>"; };
		C4538B322AB48279009E6A86 /* WeatherService.swift */ = {isa = PBXFileReference; lastKnownFileType = sourcecode.swift; path = WeatherService.swift; sourceTree = "<group>"; };
		C4538B382AB488FC009E6A86 /* WeatherDTO.swift */ = {isa = PBXFileReference; lastKnownFileType = sourcecode.swift; path = WeatherDTO.swift; sourceTree = "<group>"; };
		C47FB10E2AB34A1400D426A8 /* TestWeatherApp.app */ = {isa = PBXFileReference; explicitFileType = wrapper.application; includeInIndex = 0; path = TestWeatherApp.app; sourceTree = BUILT_PRODUCTS_DIR; };
		C47FB1112AB34A1400D426A8 /* AppDelegate.swift */ = {isa = PBXFileReference; lastKnownFileType = sourcecode.swift; path = AppDelegate.swift; sourceTree = "<group>"; };
		C47FB1152AB34A1400D426A8 /* HomeViewController.swift */ = {isa = PBXFileReference; lastKnownFileType = sourcecode.swift; path = HomeViewController.swift; sourceTree = "<group>"; };
		C47FB11A2AB34A1500D426A8 /* Assets.xcassets */ = {isa = PBXFileReference; lastKnownFileType = folder.assetcatalog; path = Assets.xcassets; sourceTree = "<group>"; };
		C47FB11D2AB34A1500D426A8 /* Base */ = {isa = PBXFileReference; lastKnownFileType = file.storyboard; name = Base; path = Base.lproj/LaunchScreen.storyboard; sourceTree = "<group>"; };
		C47FB11F2AB34A1500D426A8 /* Info.plist */ = {isa = PBXFileReference; lastKnownFileType = text.plist.xml; path = Info.plist; sourceTree = "<group>"; };
		C47FB1242AB34A1500D426A8 /* TestWeatherAppTests.xctest */ = {isa = PBXFileReference; explicitFileType = wrapper.cfbundle; includeInIndex = 0; path = TestWeatherAppTests.xctest; sourceTree = BUILT_PRODUCTS_DIR; };
		C47FB1282AB34A1500D426A8 /* TestWeatherAppTests.swift */ = {isa = PBXFileReference; lastKnownFileType = sourcecode.swift; path = TestWeatherAppTests.swift; sourceTree = "<group>"; };
		C47FB12E2AB34A1500D426A8 /* TestWeatherAppUITests.xctest */ = {isa = PBXFileReference; explicitFileType = wrapper.cfbundle; includeInIndex = 0; path = TestWeatherAppUITests.xctest; sourceTree = BUILT_PRODUCTS_DIR; };
		C47FB1322AB34A1500D426A8 /* TestWeatherAppUITests.swift */ = {isa = PBXFileReference; lastKnownFileType = sourcecode.swift; path = TestWeatherAppUITests.swift; sourceTree = "<group>"; };
		C47FB1342AB34A1500D426A8 /* TestWeatherAppUITestsLaunchTests.swift */ = {isa = PBXFileReference; lastKnownFileType = sourcecode.swift; path = TestWeatherAppUITestsLaunchTests.swift; sourceTree = "<group>"; };
		C49257F82AB34F5700DFF858 /* LocalStorage.swift */ = {isa = PBXFileReference; lastKnownFileType = sourcecode.swift; path = LocalStorage.swift; sourceTree = "<group>"; };
		C49257FD2AB3545500DFF858 /* AppConfigurator.swift */ = {isa = PBXFileReference; lastKnownFileType = sourcecode.swift; path = AppConfigurator.swift; sourceTree = "<group>"; };
		C49258012AB3555000DFF858 /* RootCoordinator.swift */ = {isa = PBXFileReference; lastKnownFileType = sourcecode.swift; path = RootCoordinator.swift; sourceTree = "<group>"; };
		C49258052AB3562900DFF858 /* RootRouter.swift */ = {isa = PBXFileReference; lastKnownFileType = sourcecode.swift; path = RootRouter.swift; sourceTree = "<group>"; };
		C49258092AB35D1800DFF858 /* Coordinator.swift */ = {isa = PBXFileReference; lastKnownFileType = sourcecode.swift; path = Coordinator.swift; sourceTree = "<group>"; };
		C492580C2AB36AD400DFF858 /* EmptyView.swift */ = {isa = PBXFileReference; lastKnownFileType = sourcecode.swift; path = EmptyView.swift; sourceTree = "<group>"; };
		C49258102AB36C0B00DFF858 /* LabelExtensions.swift */ = {isa = PBXFileReference; lastKnownFileType = sourcecode.swift; path = LabelExtensions.swift; sourceTree = "<group>"; };
		C49258142AB3706400DFF858 /* UIViewExtensions.swift */ = {isa = PBXFileReference; lastKnownFileType = sourcecode.swift; path = UIViewExtensions.swift; sourceTree = "<group>"; };
		C49258172AB371B400DFF858 /* CommonInsets.swift */ = {isa = PBXFileReference; lastKnownFileType = sourcecode.swift; path = CommonInsets.swift; sourceTree = "<group>"; };
		C49258192AB3721000DFF858 /* UIApplicationExtensions.swift */ = {isa = PBXFileReference; lastKnownFileType = sourcecode.swift; path = UIApplicationExtensions.swift; sourceTree = "<group>"; };
		C492581B2AB3727900DFF858 /* CGFloatExtensions.swift */ = {isa = PBXFileReference; lastKnownFileType = sourcecode.swift; path = CGFloatExtensions.swift; sourceTree = "<group>"; };
		C492581D2AB37C4200DFF858 /* LocationCell.swift */ = {isa = PBXFileReference; lastKnownFileType = sourcecode.swift; path = LocationCell.swift; sourceTree = "<group>"; };
		C49258202AB37C8300DFF858 /* HomePresenter.swift */ = {isa = PBXFileReference; lastKnownFileType = sourcecode.swift; path = HomePresenter.swift; sourceTree = "<group>"; };
		C49258232AB37F5600DFF858 /* LocationModel.swift */ = {isa = PBXFileReference; lastKnownFileType = sourcecode.swift; path = LocationModel.swift; sourceTree = "<group>"; };
		C49258252AB3800500DFF858 /* LocalStorageKey.swift */ = {isa = PBXFileReference; lastKnownFileType = sourcecode.swift; path = LocalStorageKey.swift; sourceTree = "<group>"; };
		C49258272AB3838A00DFF858 /* LocationCellViewModel.swift */ = {isa = PBXFileReference; lastKnownFileType = sourcecode.swift; path = LocationCellViewModel.swift; sourceTree = "<group>"; };
		C49258292AB385EB00DFF858 /* ArrayExtensions.swift */ = {isa = PBXFileReference; lastKnownFileType = sourcecode.swift; path = ArrayExtensions.swift; sourceTree = "<group>"; };
		C492582B2AB38BFB00DFF858 /* UIEdgeInsetsExtensions.swift */ = {isa = PBXFileReference; lastKnownFileType = sourcecode.swift; path = UIEdgeInsetsExtensions.swift; sourceTree = "<group>"; };
		C492582E2AB3AC3600DFF858 /* AddLocationPresenter.swift */ = {isa = PBXFileReference; lastKnownFileType = sourcecode.swift; path = AddLocationPresenter.swift; sourceTree = "<group>"; };
		C492582F2AB3AC3600DFF858 /* AddLocationViewController.swift */ = {isa = PBXFileReference; lastKnownFileType = sourcecode.swift; path = AddLocationViewController.swift; sourceTree = "<group>"; };
		C49258302AB3AD4D00DFF858 /* ForecastViewController.swift */ = {isa = PBXFileReference; lastKnownFileType = sourcecode.swift; path = ForecastViewController.swift; sourceTree = "<group>"; };
		C49258312AB3AD4D00DFF858 /* ForecastPresenter.swift */ = {isa = PBXFileReference; lastKnownFileType = sourcecode.swift; path = ForecastPresenter.swift; sourceTree = "<group>"; };
/* End PBXFileReference section */

/* Begin PBXFrameworksBuildPhase section */
		C47FB10B2AB34A1400D426A8 /* Frameworks */ = {
			isa = PBXFrameworksBuildPhase;
			buildActionMask = 2147483647;
			files = (
			);
			runOnlyForDeploymentPostprocessing = 0;
		};
		C47FB1212AB34A1500D426A8 /* Frameworks */ = {
			isa = PBXFrameworksBuildPhase;
			buildActionMask = 2147483647;
			files = (
			);
			runOnlyForDeploymentPostprocessing = 0;
		};
		C47FB12B2AB34A1500D426A8 /* Frameworks */ = {
			isa = PBXFrameworksBuildPhase;
			buildActionMask = 2147483647;
			files = (
			);
			runOnlyForDeploymentPostprocessing = 0;
		};
/* End PBXFrameworksBuildPhase section */

/* Begin PBXGroup section */
		C4538B2B2AB45B93009E6A86 /* Views */ = {
			isa = PBXGroup;
			children = (
				C4538B2C2AB45B9F009E6A86 /* SelectedLocationView.swift */,
				C4538B2E2AB462B2009E6A86 /* SelectedLocationArrowView.swift */,
			);
			path = Views;
			sourceTree = "<group>";
		};
		C4538B372AB488F2009E6A86 /* Models */ = {
			isa = PBXGroup;
			children = (
				C4538B382AB488FC009E6A86 /* WeatherDTO.swift */,
			);
			path = Models;
			sourceTree = "<group>";
		};
		C47FB1052AB34A1400D426A8 = {
			isa = PBXGroup;
			children = (
				C47FB1102AB34A1400D426A8 /* TestWeatherApp */,
				C47FB1272AB34A1500D426A8 /* TestWeatherAppTests */,
				C47FB1312AB34A1500D426A8 /* TestWeatherAppUITests */,
				C47FB10F2AB34A1400D426A8 /* Products */,
			);
			sourceTree = "<group>";
		};
		C47FB10F2AB34A1400D426A8 /* Products */ = {
			isa = PBXGroup;
			children = (
				C47FB10E2AB34A1400D426A8 /* TestWeatherApp.app */,
				C47FB1242AB34A1500D426A8 /* TestWeatherAppTests.xctest */,
				C47FB12E2AB34A1500D426A8 /* TestWeatherAppUITests.xctest */,
			);
			name = Products;
			sourceTree = "<group>";
		};
		C47FB1102AB34A1400D426A8 /* TestWeatherApp */ = {
			isa = PBXGroup;
			children = (
				C47FB1412AB34AB700D426A8 /* App */,
				C49257FF2AB3553100DFF858 /* Coordinators */,
				C49258222AB37F4600DFF858 /* Models */,
				C47FB1422AB34AC000D426A8 /* Modules */,
				C47FB1452AB34B3900D426A8 /* Resources */,
				C49257EF2AB34E2C00DFF858 /* Services */,
				C492580E2AB36BF000DFF858 /* Utils */,
				C492580B2AB36AC500DFF858 /* Views */,
			);
			path = TestWeatherApp;
			sourceTree = "<group>";
		};
		C47FB1272AB34A1500D426A8 /* TestWeatherAppTests */ = {
			isa = PBXGroup;
			children = (
				C47FB1282AB34A1500D426A8 /* TestWeatherAppTests.swift */,
			);
			path = TestWeatherAppTests;
			sourceTree = "<group>";
		};
		C47FB1312AB34A1500D426A8 /* TestWeatherAppUITests */ = {
			isa = PBXGroup;
			children = (
				C47FB1322AB34A1500D426A8 /* TestWeatherAppUITests.swift */,
				C47FB1342AB34A1500D426A8 /* TestWeatherAppUITestsLaunchTests.swift */,
			);
			path = TestWeatherAppUITests;
			sourceTree = "<group>";
		};
		C47FB1412AB34AB700D426A8 /* App */ = {
			isa = PBXGroup;
			children = (
				C47FB1112AB34A1400D426A8 /* AppDelegate.swift */,
				C49257FD2AB3545500DFF858 /* AppConfigurator.swift */,
				C47FB11F2AB34A1500D426A8 /* Info.plist */,
			);
			path = App;
			sourceTree = "<group>";
		};
		C47FB1422AB34AC000D426A8 /* Modules */ = {
			isa = PBXGroup;
			children = (
				C492582D2AB3AC2D00DFF858 /* AddLocation */,
				C49257EC2AB34DFB00DFF858 /* Forecast */,
				C47FB1442AB34B2800D426A8 /* Home */,
				C47FB1432AB34B1F00D426A8 /* LaunchScreen */,
			);
			path = Modules;
			sourceTree = "<group>";
		};
		C47FB1432AB34B1F00D426A8 /* LaunchScreen */ = {
			isa = PBXGroup;
			children = (
				C47FB11C2AB34A1500D426A8 /* LaunchScreen.storyboard */,
			);
			path = LaunchScreen;
			sourceTree = "<group>";
		};
		C47FB1442AB34B2800D426A8 /* Home */ = {
			isa = PBXGroup;
			children = (
				C49258202AB37C8300DFF858 /* HomePresenter.swift */,
				C47FB1152AB34A1400D426A8 /* HomeViewController.swift */,
				C492581F2AB37C7600DFF858 /* Cells */,
			);
			path = Home;
			sourceTree = "<group>";
		};
		C47FB1452AB34B3900D426A8 /* Resources */ = {
			isa = PBXGroup;
			children = (
				C47FB11A2AB34A1500D426A8 /* Assets.xcassets */,
			);
			path = Resources;
			sourceTree = "<group>";
		};
		C49257EC2AB34DFB00DFF858 /* Forecast */ = {
			isa = PBXGroup;
			children = (
				C49258312AB3AD4D00DFF858 /* ForecastPresenter.swift */,
				C49258302AB3AD4D00DFF858 /* ForecastViewController.swift */,
			);
			path = Forecast;
			sourceTree = "<group>";
		};
		C49257EF2AB34E2C00DFF858 /* Services */ = {
			isa = PBXGroup;
			children = (
				C49257F02AB34E3700DFF858 /* LocalStorage */,
				C49257F12AB34E3D00DFF858 /* Weather */,
			);
			path = Services;
			sourceTree = "<group>";
		};
		C49257F02AB34E3700DFF858 /* LocalStorage */ = {
			isa = PBXGroup;
			children = (
				C49257F82AB34F5700DFF858 /* LocalStorage.swift */,
				C49258252AB3800500DFF858 /* LocalStorageKey.swift */,
			);
			path = LocalStorage;
			sourceTree = "<group>";
		};
		C49257F12AB34E3D00DFF858 /* Weather */ = {
			isa = PBXGroup;
			children = (
				C4538B322AB48279009E6A86 /* WeatherService.swift */,
				C4538B372AB488F2009E6A86 /* Models */,
			);
			path = Weather;
			sourceTree = "<group>";
		};
		C49257FF2AB3553100DFF858 /* Coordinators */ = {
			isa = PBXGroup;
			children = (
				C49258092AB35D1800DFF858 /* Coordinator.swift */,
				C4538B302AB46EA1009E6A86 /* Router.swift */,
				C49258002AB3554300DFF858 /* RootCoordinator */,
			);
			path = Coordinators;
			sourceTree = "<group>";
		};
		C49258002AB3554300DFF858 /* RootCoordinator */ = {
			isa = PBXGroup;
			children = (
				C49258012AB3555000DFF858 /* RootCoordinator.swift */,
				C49258052AB3562900DFF858 /* RootRouter.swift */,
			);
			path = RootCoordinator;
			sourceTree = "<group>";
		};
		C492580B2AB36AC500DFF858 /* Views */ = {
			isa = PBXGroup;
			children = (
				C492580C2AB36AD400DFF858 /* EmptyView.swift */,
			);
			path = Views;
			sourceTree = "<group>";
		};
		C492580E2AB36BF000DFF858 /* Utils */ = {
			isa = PBXGroup;
			children = (
				C49258162AB3719800DFF858 /* CommonInsets */,
				C492580F2AB36BFE00DFF858 /* Extensions */,
			);
			path = Utils;
			sourceTree = "<group>";
		};
		C492580F2AB36BFE00DFF858 /* Extensions */ = {
			isa = PBXGroup;
			children = (
				C49258292AB385EB00DFF858 /* ArrayExtensions.swift */,
				C492581B2AB3727900DFF858 /* CGFloatExtensions.swift */,
				C49258102AB36C0B00DFF858 /* LabelExtensions.swift */,
				C49258192AB3721000DFF858 /* UIApplicationExtensions.swift */,
				C492582B2AB38BFB00DFF858 /* UIEdgeInsetsExtensions.swift */,
				C49258142AB3706400DFF858 /* UIViewExtensions.swift */,
			);
			path = Extensions;
			sourceTree = "<group>";
		};
		C49258162AB3719800DFF858 /* CommonInsets */ = {
			isa = PBXGroup;
			children = (
				C49258172AB371B400DFF858 /* CommonInsets.swift */,
			);
			path = CommonInsets;
			sourceTree = "<group>";
		};
		C492581F2AB37C7600DFF858 /* Cells */ = {
			isa = PBXGroup;
			children = (
				C492581D2AB37C4200DFF858 /* LocationCell.swift */,
				C49258272AB3838A00DFF858 /* LocationCellViewModel.swift */,
			);
			path = Cells;
			sourceTree = "<group>";
		};
		C49258222AB37F4600DFF858 /* Models */ = {
			isa = PBXGroup;
			children = (
				C49258232AB37F5600DFF858 /* LocationModel.swift */,
			);
			path = Models;
			sourceTree = "<group>";
		};
		C492582D2AB3AC2D00DFF858 /* AddLocation */ = {
			isa = PBXGroup;
			children = (
				C492582E2AB3AC3600DFF858 /* AddLocationPresenter.swift */,
				C492582F2AB3AC3600DFF858 /* AddLocationViewController.swift */,
				C4538B2B2AB45B93009E6A86 /* Views */,
			);
			path = AddLocation;
			sourceTree = "<group>";
		};
/* End PBXGroup section */

/* Begin PBXNativeTarget section */
		C47FB10D2AB34A1400D426A8 /* TestWeatherApp */ = {
			isa = PBXNativeTarget;
			buildConfigurationList = C47FB1382AB34A1500D426A8 /* Build configuration list for PBXNativeTarget "TestWeatherApp" */;
			buildPhases = (
				C47FB10A2AB34A1400D426A8 /* Sources */,
				C47FB10B2AB34A1400D426A8 /* Frameworks */,
				C47FB10C2AB34A1400D426A8 /* Resources */,
			);
			buildRules = (
			);
			dependencies = (
			);
			name = TestWeatherApp;
			productName = TestWeatherApp;
			productReference = C47FB10E2AB34A1400D426A8 /* TestWeatherApp.app */;
			productType = "com.apple.product-type.application";
		};
		C47FB1232AB34A1500D426A8 /* TestWeatherAppTests */ = {
			isa = PBXNativeTarget;
			buildConfigurationList = C47FB13B2AB34A1500D426A8 /* Build configuration list for PBXNativeTarget "TestWeatherAppTests" */;
			buildPhases = (
				C47FB1202AB34A1500D426A8 /* Sources */,
				C47FB1212AB34A1500D426A8 /* Frameworks */,
				C47FB1222AB34A1500D426A8 /* Resources */,
			);
			buildRules = (
			);
			dependencies = (
				C47FB1262AB34A1500D426A8 /* PBXTargetDependency */,
			);
			name = TestWeatherAppTests;
			productName = TestWeatherAppTests;
			productReference = C47FB1242AB34A1500D426A8 /* TestWeatherAppTests.xctest */;
			productType = "com.apple.product-type.bundle.unit-test";
		};
		C47FB12D2AB34A1500D426A8 /* TestWeatherAppUITests */ = {
			isa = PBXNativeTarget;
			buildConfigurationList = C47FB13E2AB34A1500D426A8 /* Build configuration list for PBXNativeTarget "TestWeatherAppUITests" */;
			buildPhases = (
				C47FB12A2AB34A1500D426A8 /* Sources */,
				C47FB12B2AB34A1500D426A8 /* Frameworks */,
				C47FB12C2AB34A1500D426A8 /* Resources */,
			);
			buildRules = (
			);
			dependencies = (
				C47FB1302AB34A1500D426A8 /* PBXTargetDependency */,
			);
			name = TestWeatherAppUITests;
			productName = TestWeatherAppUITests;
			productReference = C47FB12E2AB34A1500D426A8 /* TestWeatherAppUITests.xctest */;
			productType = "com.apple.product-type.bundle.ui-testing";
		};
/* End PBXNativeTarget section */

/* Begin PBXProject section */
		C47FB1062AB34A1400D426A8 /* Project object */ = {
			isa = PBXProject;
			attributes = {
				BuildIndependentTargetsInParallel = 1;
				LastSwiftUpdateCheck = 1430;
				LastUpgradeCheck = 1430;
				TargetAttributes = {
					C47FB10D2AB34A1400D426A8 = {
						CreatedOnToolsVersion = 14.3.1;
					};
					C47FB1232AB34A1500D426A8 = {
						CreatedOnToolsVersion = 14.3.1;
						TestTargetID = C47FB10D2AB34A1400D426A8;
					};
					C47FB12D2AB34A1500D426A8 = {
						CreatedOnToolsVersion = 14.3.1;
						TestTargetID = C47FB10D2AB34A1400D426A8;
					};
				};
			};
			buildConfigurationList = C47FB1092AB34A1400D426A8 /* Build configuration list for PBXProject "TestWeatherApp" */;
			compatibilityVersion = "Xcode 14.0";
			developmentRegion = en;
			hasScannedForEncodings = 0;
			knownRegions = (
				en,
				Base,
			);
			mainGroup = C47FB1052AB34A1400D426A8;
			productRefGroup = C47FB10F2AB34A1400D426A8 /* Products */;
			projectDirPath = "";
			projectRoot = "";
			targets = (
				C47FB10D2AB34A1400D426A8 /* TestWeatherApp */,
				C47FB1232AB34A1500D426A8 /* TestWeatherAppTests */,
				C47FB12D2AB34A1500D426A8 /* TestWeatherAppUITests */,
			);
		};
/* End PBXProject section */

/* Begin PBXResourcesBuildPhase section */
		C47FB10C2AB34A1400D426A8 /* Resources */ = {
			isa = PBXResourcesBuildPhase;
			buildActionMask = 2147483647;
			files = (
				C47FB11E2AB34A1500D426A8 /* LaunchScreen.storyboard in Resources */,
				C47FB11B2AB34A1500D426A8 /* Assets.xcassets in Resources */,
			);
			runOnlyForDeploymentPostprocessing = 0;
		};
		C47FB1222AB34A1500D426A8 /* Resources */ = {
			isa = PBXResourcesBuildPhase;
			buildActionMask = 2147483647;
			files = (
			);
			runOnlyForDeploymentPostprocessing = 0;
		};
		C47FB12C2AB34A1500D426A8 /* Resources */ = {
			isa = PBXResourcesBuildPhase;
			buildActionMask = 2147483647;
			files = (
			);
			runOnlyForDeploymentPostprocessing = 0;
		};
/* End PBXResourcesBuildPhase section */

/* Begin PBXSourcesBuildPhase section */
		C47FB10A2AB34A1400D426A8 /* Sources */ = {
			isa = PBXSourcesBuildPhase;
			buildActionMask = 2147483647;
			files = (
				C492582C2AB38BFB00DFF858 /* UIEdgeInsetsExtensions.swift in Sources */,
				C4538B392AB488FC009E6A86 /* WeatherDTO.swift in Sources */,
				C49258022AB3555000DFF858 /* RootCoordinator.swift in Sources */,
				C49258332AB3AD4D00DFF858 /* ForecastViewController.swift in Sources */,
				C49257FE2AB3545500DFF858 /* AppConfigurator.swift in Sources */,
				C492580D2AB36AD400DFF858 /* EmptyView.swift in Sources */,
				C49258352AB3AF7B00DFF858 /* AddLocationViewController.swift in Sources */,
				C4538B2F2AB462B2009E6A86 /* SelectedLocationArrowView.swift in Sources */,
				C492580A2AB35D1800DFF858 /* Coordinator.swift in Sources */,
				C492581E2AB37C4200DFF858 /* LocationCell.swift in Sources */,
				C492582A2AB385EB00DFF858 /* ArrayExtensions.swift in Sources */,
				C4538B332AB48279009E6A86 /* WeatherService.swift in Sources */,
				C47FB1162AB34A1400D426A8 /* HomeViewController.swift in Sources */,
				C47FB1122AB34A1400D426A8 /* AppDelegate.swift in Sources */,
				C49258152AB3706400DFF858 /* UIViewExtensions.swift in Sources */,
				C49257F92AB34F5700DFF858 /* LocalStorage.swift in Sources */,
				C49258242AB37F5600DFF858 /* LocationModel.swift in Sources */,
				C492581A2AB3721000DFF858 /* UIApplicationExtensions.swift in Sources */,
				C492581C2AB3727900DFF858 /* CGFloatExtensions.swift in Sources */,
				C49258262AB3800500DFF858 /* LocalStorageKey.swift in Sources */,
				C49258112AB36C0B00DFF858 /* LabelExtensions.swift in Sources */,
				C49258182AB371B400DFF858 /* CommonInsets.swift in Sources */,
				C4538B312AB46EA1009E6A86 /* Router.swift in Sources */,
				C49258062AB3562900DFF858 /* RootRouter.swift in Sources */,
				C49258212AB37C8300DFF858 /* HomePresenter.swift in Sources */,
				C4538B2D2AB45B9F009E6A86 /* SelectedLocationView.swift in Sources */,
				C49258342AB3AF7900DFF858 /* AddLocationPresenter.swift in Sources */,
				C49258282AB3838A00DFF858 /* LocationCellViewModel.swift in Sources */,
				C49258322AB3AD4D00DFF858 /* ForecastPresenter.swift in Sources */,
			);
			runOnlyForDeploymentPostprocessing = 0;
		};
		C47FB1202AB34A1500D426A8 /* Sources */ = {
			isa = PBXSourcesBuildPhase;
			buildActionMask = 2147483647;
			files = (
				C47FB1292AB34A1500D426A8 /* TestWeatherAppTests.swift in Sources */,
			);
			runOnlyForDeploymentPostprocessing = 0;
		};
		C47FB12A2AB34A1500D426A8 /* Sources */ = {
			isa = PBXSourcesBuildPhase;
			buildActionMask = 2147483647;
			files = (
				C47FB1332AB34A1500D426A8 /* TestWeatherAppUITests.swift in Sources */,
				C47FB1352AB34A1500D426A8 /* TestWeatherAppUITestsLaunchTests.swift in Sources */,
			);
			runOnlyForDeploymentPostprocessing = 0;
		};
/* End PBXSourcesBuildPhase section */

/* Begin PBXTargetDependency section */
		C47FB1262AB34A1500D426A8 /* PBXTargetDependency */ = {
			isa = PBXTargetDependency;
			target = C47FB10D2AB34A1400D426A8 /* TestWeatherApp */;
			targetProxy = C47FB1252AB34A1500D426A8 /* PBXContainerItemProxy */;
		};
		C47FB1302AB34A1500D426A8 /* PBXTargetDependency */ = {
			isa = PBXTargetDependency;
			target = C47FB10D2AB34A1400D426A8 /* TestWeatherApp */;
			targetProxy = C47FB12F2AB34A1500D426A8 /* PBXContainerItemProxy */;
		};
/* End PBXTargetDependency section */

/* Begin PBXVariantGroup section */
		C47FB11C2AB34A1500D426A8 /* LaunchScreen.storyboard */ = {
			isa = PBXVariantGroup;
			children = (
				C47FB11D2AB34A1500D426A8 /* Base */,
			);
			name = LaunchScreen.storyboard;
			sourceTree = "<group>";
		};
/* End PBXVariantGroup section */

/* Begin XCBuildConfiguration section */
		C47FB1362AB34A1500D426A8 /* Debug */ = {
			isa = XCBuildConfiguration;
			buildSettings = {
				ALWAYS_SEARCH_USER_PATHS = NO;
				CLANG_ANALYZER_NONNULL = YES;
				CLANG_ANALYZER_NUMBER_OBJECT_CONVERSION = YES_AGGRESSIVE;
				CLANG_CXX_LANGUAGE_STANDARD = "gnu++20";
				CLANG_ENABLE_MODULES = YES;
				CLANG_ENABLE_OBJC_ARC = YES;
				CLANG_ENABLE_OBJC_WEAK = YES;
				CLANG_WARN_BLOCK_CAPTURE_AUTORELEASING = YES;
				CLANG_WARN_BOOL_CONVERSION = YES;
				CLANG_WARN_COMMA = YES;
				CLANG_WARN_CONSTANT_CONVERSION = YES;
				CLANG_WARN_DEPRECATED_OBJC_IMPLEMENTATIONS = YES;
				CLANG_WARN_DIRECT_OBJC_ISA_USAGE = YES_ERROR;
				CLANG_WARN_DOCUMENTATION_COMMENTS = YES;
				CLANG_WARN_EMPTY_BODY = YES;
				CLANG_WARN_ENUM_CONVERSION = YES;
				CLANG_WARN_INFINITE_RECURSION = YES;
				CLANG_WARN_INT_CONVERSION = YES;
				CLANG_WARN_NON_LITERAL_NULL_CONVERSION = YES;
				CLANG_WARN_OBJC_IMPLICIT_RETAIN_SELF = YES;
				CLANG_WARN_OBJC_LITERAL_CONVERSION = YES;
				CLANG_WARN_OBJC_ROOT_CLASS = YES_ERROR;
				CLANG_WARN_QUOTED_INCLUDE_IN_FRAMEWORK_HEADER = YES;
				CLANG_WARN_RANGE_LOOP_ANALYSIS = YES;
				CLANG_WARN_STRICT_PROTOTYPES = YES;
				CLANG_WARN_SUSPICIOUS_MOVE = YES;
				CLANG_WARN_UNGUARDED_AVAILABILITY = YES_AGGRESSIVE;
				CLANG_WARN_UNREACHABLE_CODE = YES;
				CLANG_WARN__DUPLICATE_METHOD_MATCH = YES;
				COPY_PHASE_STRIP = NO;
				DEBUG_INFORMATION_FORMAT = dwarf;
				ENABLE_STRICT_OBJC_MSGSEND = YES;
				ENABLE_TESTABILITY = YES;
				GCC_C_LANGUAGE_STANDARD = gnu11;
				GCC_DYNAMIC_NO_PIC = NO;
				GCC_NO_COMMON_BLOCKS = YES;
				GCC_OPTIMIZATION_LEVEL = 0;
				GCC_PREPROCESSOR_DEFINITIONS = (
					"DEBUG=1",
					"$(inherited)",
				);
				GCC_WARN_64_TO_32_BIT_CONVERSION = YES;
				GCC_WARN_ABOUT_RETURN_TYPE = YES_ERROR;
				GCC_WARN_UNDECLARED_SELECTOR = YES;
				GCC_WARN_UNINITIALIZED_AUTOS = YES_AGGRESSIVE;
				GCC_WARN_UNUSED_FUNCTION = YES;
				GCC_WARN_UNUSED_VARIABLE = YES;
				IPHONEOS_DEPLOYMENT_TARGET = 11.0;
				MTL_ENABLE_DEBUG_INFO = INCLUDE_SOURCE;
				MTL_FAST_MATH = YES;
				ONLY_ACTIVE_ARCH = YES;
				SDKROOT = iphoneos;
				SWIFT_ACTIVE_COMPILATION_CONDITIONS = DEBUG;
				SWIFT_OPTIMIZATION_LEVEL = "-Onone";
			};
			name = Debug;
		};
		C47FB1372AB34A1500D426A8 /* Release */ = {
			isa = XCBuildConfiguration;
			buildSettings = {
				ALWAYS_SEARCH_USER_PATHS = NO;
				CLANG_ANALYZER_NONNULL = YES;
				CLANG_ANALYZER_NUMBER_OBJECT_CONVERSION = YES_AGGRESSIVE;
				CLANG_CXX_LANGUAGE_STANDARD = "gnu++20";
				CLANG_ENABLE_MODULES = YES;
				CLANG_ENABLE_OBJC_ARC = YES;
				CLANG_ENABLE_OBJC_WEAK = YES;
				CLANG_WARN_BLOCK_CAPTURE_AUTORELEASING = YES;
				CLANG_WARN_BOOL_CONVERSION = YES;
				CLANG_WARN_COMMA = YES;
				CLANG_WARN_CONSTANT_CONVERSION = YES;
				CLANG_WARN_DEPRECATED_OBJC_IMPLEMENTATIONS = YES;
				CLANG_WARN_DIRECT_OBJC_ISA_USAGE = YES_ERROR;
				CLANG_WARN_DOCUMENTATION_COMMENTS = YES;
				CLANG_WARN_EMPTY_BODY = YES;
				CLANG_WARN_ENUM_CONVERSION = YES;
				CLANG_WARN_INFINITE_RECURSION = YES;
				CLANG_WARN_INT_CONVERSION = YES;
				CLANG_WARN_NON_LITERAL_NULL_CONVERSION = YES;
				CLANG_WARN_OBJC_IMPLICIT_RETAIN_SELF = YES;
				CLANG_WARN_OBJC_LITERAL_CONVERSION = YES;
				CLANG_WARN_OBJC_ROOT_CLASS = YES_ERROR;
				CLANG_WARN_QUOTED_INCLUDE_IN_FRAMEWORK_HEADER = YES;
				CLANG_WARN_RANGE_LOOP_ANALYSIS = YES;
				CLANG_WARN_STRICT_PROTOTYPES = YES;
				CLANG_WARN_SUSPICIOUS_MOVE = YES;
				CLANG_WARN_UNGUARDED_AVAILABILITY = YES_AGGRESSIVE;
				CLANG_WARN_UNREACHABLE_CODE = YES;
				CLANG_WARN__DUPLICATE_METHOD_MATCH = YES;
				COPY_PHASE_STRIP = NO;
				DEBUG_INFORMATION_FORMAT = "dwarf-with-dsym";
				ENABLE_NS_ASSERTIONS = NO;
				ENABLE_STRICT_OBJC_MSGSEND = YES;
				GCC_C_LANGUAGE_STANDARD = gnu11;
				GCC_NO_COMMON_BLOCKS = YES;
				GCC_WARN_64_TO_32_BIT_CONVERSION = YES;
				GCC_WARN_ABOUT_RETURN_TYPE = YES_ERROR;
				GCC_WARN_UNDECLARED_SELECTOR = YES;
				GCC_WARN_UNINITIALIZED_AUTOS = YES_AGGRESSIVE;
				GCC_WARN_UNUSED_FUNCTION = YES;
				GCC_WARN_UNUSED_VARIABLE = YES;
				IPHONEOS_DEPLOYMENT_TARGET = 11.0;
				MTL_ENABLE_DEBUG_INFO = NO;
				MTL_FAST_MATH = YES;
				SDKROOT = iphoneos;
				SWIFT_COMPILATION_MODE = wholemodule;
				SWIFT_OPTIMIZATION_LEVEL = "-O";
				VALIDATE_PRODUCT = YES;
			};
			name = Release;
		};
		C47FB1392AB34A1500D426A8 /* Debug */ = {
			isa = XCBuildConfiguration;
			buildSettings = {
				ASSETCATALOG_COMPILER_APPICON_NAME = AppIcon;
				ASSETCATALOG_COMPILER_GLOBAL_ACCENT_COLOR_NAME = AccentColor;
				CODE_SIGN_STYLE = Automatic;
				CURRENT_PROJECT_VERSION = 1;
				DEVELOPMENT_TEAM = 2C8Q74575P;
				GENERATE_INFOPLIST_FILE = YES;
				INFOPLIST_FILE = TestWeatherApp/App/Info.plist;
				INFOPLIST_KEY_UIApplicationSupportsIndirectInputEvents = YES;
				INFOPLIST_KEY_UILaunchStoryboardName = LaunchScreen;
				INFOPLIST_KEY_UISupportedInterfaceOrientations_iPad = "UIInterfaceOrientationPortrait UIInterfaceOrientationPortraitUpsideDown UIInterfaceOrientationLandscapeLeft UIInterfaceOrientationLandscapeRight";
				INFOPLIST_KEY_UISupportedInterfaceOrientations_iPhone = "UIInterfaceOrientationPortrait UIInterfaceOrientationLandscapeLeft UIInterfaceOrientationLandscapeRight";
				IPHONEOS_DEPLOYMENT_TARGET = 11.0;
				LD_RUNPATH_SEARCH_PATHS = (
					"$(inherited)",
					"@executable_path/Frameworks",
				);
				MARKETING_VERSION = 1.0;
				PRODUCT_BUNDLE_IDENTIFIER = viacheslav.gerasimenok.TestWeatherApp;
				PRODUCT_NAME = "$(TARGET_NAME)";
				SWIFT_EMIT_LOC_STRINGS = YES;
				SWIFT_VERSION = 5.0;
				TARGETED_DEVICE_FAMILY = "1,2";
			};
			name = Debug;
		};
		C47FB13A2AB34A1500D426A8 /* Release */ = {
			isa = XCBuildConfiguration;
			buildSettings = {
				ASSETCATALOG_COMPILER_APPICON_NAME = AppIcon;
				ASSETCATALOG_COMPILER_GLOBAL_ACCENT_COLOR_NAME = AccentColor;
				CODE_SIGN_STYLE = Automatic;
				CURRENT_PROJECT_VERSION = 1;
				DEVELOPMENT_TEAM = 2C8Q74575P;
				GENERATE_INFOPLIST_FILE = YES;
				INFOPLIST_FILE = TestWeatherApp/App/Info.plist;
				INFOPLIST_KEY_UIApplicationSupportsIndirectInputEvents = YES;
				INFOPLIST_KEY_UILaunchStoryboardName = LaunchScreen;
				INFOPLIST_KEY_UISupportedInterfaceOrientations_iPad = "UIInterfaceOrientationPortrait UIInterfaceOrientationPortraitUpsideDown UIInterfaceOrientationLandscapeLeft UIInterfaceOrientationLandscapeRight";
				INFOPLIST_KEY_UISupportedInterfaceOrientations_iPhone = "UIInterfaceOrientationPortrait UIInterfaceOrientationLandscapeLeft UIInterfaceOrientationLandscapeRight";
				IPHONEOS_DEPLOYMENT_TARGET = 11.0;
				LD_RUNPATH_SEARCH_PATHS = (
					"$(inherited)",
					"@executable_path/Frameworks",
				);
				MARKETING_VERSION = 1.0;
				PRODUCT_BUNDLE_IDENTIFIER = viacheslav.gerasimenok.TestWeatherApp;
				PRODUCT_NAME = "$(TARGET_NAME)";
				SWIFT_EMIT_LOC_STRINGS = YES;
				SWIFT_VERSION = 5.0;
				TARGETED_DEVICE_FAMILY = "1,2";
			};
			name = Release;
		};
		C47FB13C2AB34A1500D426A8 /* Debug */ = {
			isa = XCBuildConfiguration;
			buildSettings = {
				ALWAYS_EMBED_SWIFT_STANDARD_LIBRARIES = YES;
				BUNDLE_LOADER = "$(TEST_HOST)";
				CODE_SIGN_STYLE = Automatic;
				CURRENT_PROJECT_VERSION = 1;
				DEVELOPMENT_TEAM = 2C8Q74575P;
				GENERATE_INFOPLIST_FILE = YES;
				MARKETING_VERSION = 1.0;
				PRODUCT_BUNDLE_IDENTIFIER = viacheslav.gerasimenok.TestWeatherAppTests;
				PRODUCT_NAME = "$(TARGET_NAME)";
				SWIFT_EMIT_LOC_STRINGS = NO;
				SWIFT_VERSION = 5.0;
				TARGETED_DEVICE_FAMILY = "1,2";
				TEST_HOST = "$(BUILT_PRODUCTS_DIR)/TestWeatherApp.app/$(BUNDLE_EXECUTABLE_FOLDER_PATH)/TestWeatherApp";
			};
			name = Debug;
		};
		C47FB13D2AB34A1500D426A8 /* Release */ = {
			isa = XCBuildConfiguration;
			buildSettings = {
				ALWAYS_EMBED_SWIFT_STANDARD_LIBRARIES = YES;
				BUNDLE_LOADER = "$(TEST_HOST)";
				CODE_SIGN_STYLE = Automatic;
				CURRENT_PROJECT_VERSION = 1;
				DEVELOPMENT_TEAM = 2C8Q74575P;
				GENERATE_INFOPLIST_FILE = YES;
				MARKETING_VERSION = 1.0;
				PRODUCT_BUNDLE_IDENTIFIER = viacheslav.gerasimenok.TestWeatherAppTests;
				PRODUCT_NAME = "$(TARGET_NAME)";
				SWIFT_EMIT_LOC_STRINGS = NO;
				SWIFT_VERSION = 5.0;
				TARGETED_DEVICE_FAMILY = "1,2";
				TEST_HOST = "$(BUILT_PRODUCTS_DIR)/TestWeatherApp.app/$(BUNDLE_EXECUTABLE_FOLDER_PATH)/TestWeatherApp";
			};
			name = Release;
		};
		C47FB13F2AB34A1500D426A8 /* Debug */ = {
			isa = XCBuildConfiguration;
			buildSettings = {
				ALWAYS_EMBED_SWIFT_STANDARD_LIBRARIES = YES;
				CODE_SIGN_STYLE = Automatic;
				CURRENT_PROJECT_VERSION = 1;
				DEVELOPMENT_TEAM = 2C8Q74575P;
				GENERATE_INFOPLIST_FILE = YES;
				MARKETING_VERSION = 1.0;
				PRODUCT_BUNDLE_IDENTIFIER = viacheslav.gerasimenok.TestWeatherAppUITests;
				PRODUCT_NAME = "$(TARGET_NAME)";
				SWIFT_EMIT_LOC_STRINGS = NO;
				SWIFT_VERSION = 5.0;
				TARGETED_DEVICE_FAMILY = "1,2";
				TEST_TARGET_NAME = TestWeatherApp;
			};
			name = Debug;
		};
		C47FB1402AB34A1500D426A8 /* Release */ = {
			isa = XCBuildConfiguration;
			buildSettings = {
				ALWAYS_EMBED_SWIFT_STANDARD_LIBRARIES = YES;
				CODE_SIGN_STYLE = Automatic;
				CURRENT_PROJECT_VERSION = 1;
				DEVELOPMENT_TEAM = 2C8Q74575P;
				GENERATE_INFOPLIST_FILE = YES;
				MARKETING_VERSION = 1.0;
				PRODUCT_BUNDLE_IDENTIFIER = viacheslav.gerasimenok.TestWeatherAppUITests;
				PRODUCT_NAME = "$(TARGET_NAME)";
				SWIFT_EMIT_LOC_STRINGS = NO;
				SWIFT_VERSION = 5.0;
				TARGETED_DEVICE_FAMILY = "1,2";
				TEST_TARGET_NAME = TestWeatherApp;
			};
			name = Release;
		};
/* End XCBuildConfiguration section */

/* Begin XCConfigurationList section */
		C47FB1092AB34A1400D426A8 /* Build configuration list for PBXProject "TestWeatherApp" */ = {
			isa = XCConfigurationList;
			buildConfigurations = (
				C47FB1362AB34A1500D426A8 /* Debug */,
				C47FB1372AB34A1500D426A8 /* Release */,
			);
			defaultConfigurationIsVisible = 0;
			defaultConfigurationName = Release;
		};
		C47FB1382AB34A1500D426A8 /* Build configuration list for PBXNativeTarget "TestWeatherApp" */ = {
			isa = XCConfigurationList;
			buildConfigurations = (
				C47FB1392AB34A1500D426A8 /* Debug */,
				C47FB13A2AB34A1500D426A8 /* Release */,
			);
			defaultConfigurationIsVisible = 0;
			defaultConfigurationName = Release;
		};
		C47FB13B2AB34A1500D426A8 /* Build configuration list for PBXNativeTarget "TestWeatherAppTests" */ = {
			isa = XCConfigurationList;
			buildConfigurations = (
				C47FB13C2AB34A1500D426A8 /* Debug */,
				C47FB13D2AB34A1500D426A8 /* Release */,
			);
			defaultConfigurationIsVisible = 0;
			defaultConfigurationName = Release;
		};
		C47FB13E2AB34A1500D426A8 /* Build configuration list for PBXNativeTarget "TestWeatherAppUITests" */ = {
			isa = XCConfigurationList;
			buildConfigurations = (
				C47FB13F2AB34A1500D426A8 /* Debug */,
				C47FB1402AB34A1500D426A8 /* Release */,
			);
			defaultConfigurationIsVisible = 0;
			defaultConfigurationName = Release;
		};
/* End XCConfigurationList section */
	};
	rootObject = C47FB1062AB34A1400D426A8 /* Project object */;
}
